
Microsoft Visual Studio Solution File, Format Version 12.00
# Visual Studio Version 17
VisualStudioVersion = 17.0.31903.59
MinimumVisualStudioVersion = 10.0.40219.1
Project("{9A19103F-16F7-4668-BE54-9A1E7A4F7556}") = "hello-textract", "hello-textract.csproj", "{C949C6A5-56F0-4331-8210-8093601C1901}"
EndProject
Global
	GlobalSection(SolutionConfigurationPlatforms) = preSolution
		Debug|Any CPU = Debug|Any CPU
		Release|Any CPU = Release|Any CPU
	EndGlobalSection
	GlobalSection(ProjectConfigurationPlatforms) = postSolution
		{C949C6A5-56F0-4331-8210-8093601C1901}.Debug|Any CPU.ActiveCfg = Debug|Any CPU
		{C949C6A5-56F0-4331-8210-8093601C1901}.Debug|Any CPU.Build.0 = Debug|Any CPU
		{C949C6A5-56F0-4331-8210-8093601C1901}.Release|Any CPU.ActiveCfg = Release|Any CPU
		{C949C6A5-56F0-4331-8210-8093601C1901}.Release|Any CPU.Build.0 = Release|Any CPU
	EndGlobalSection
	GlobalSection(SolutionProperties) = preSolution
		HideSolutionNode = FALSE
	EndGlobalSection
	GlobalSection(ExtensibilityGlobals) = postSolution
		SolutionGuid = {B1BF770C-F72A-4BD5-BE4E-82A8DA538344}
	EndGlobalSection
EndGlobal
